
Microsoft Visual Studio Solution File, Format Version 12.00
# Visual Studio 2012
Project("{FAE04EC0-301F-11D3-BF4B-00C04F79EFBC}") = "runnianjudge", "runnianjudge\runnianjudge.csproj", "{B17DD850-E884-495C-809F-1B879404E46B}"
EndProject
Global
	GlobalSection(SolutionConfigurationPlatforms) = preSolution
		Debug|Any CPU = Debug|Any CPU
		Release|Any CPU = Release|Any CPU
	EndGlobalSection
	GlobalSection(ProjectConfigurationPlatforms) = postSolution
		{B17DD850-E884-495C-809F-1B879404E46B}.Debug|Any CPU.ActiveCfg = Debug|Any CPU
		{B17DD850-E884-495C-809F-1B879404E46B}.Debug|Any CPU.Build.0 = Debug|Any CPU
		{B17DD850-E884-495C-809F-1B879404E46B}.Release|Any CPU.ActiveCfg = Release|Any CPU
		{B17DD850-E884-495C-809F-1B879404E46B}.Release|Any CPU.Build.0 = Release|Any CPU
	EndGlobalSection
	GlobalSection(SolutionProperties) = preSolution
		HideSolutionNode = FALSE
	EndGlobalSection
EndGlobal
